// !$*UTF8*$!
{
	archiveVersion = 1;
	classes = {
	};
	objectVersion = 46;
	objects = {

/* Begin PBXBuildFile section */
		90BF5AF01E4BF5FF003D02D8 /* AppDelegate.swift in Sources */ = {isa = PBXBuildFile; fileRef = 90BF5AEF1E4BF5FF003D02D8 /* AppDelegate.swift */; };
		90BF5AF21E4BF5FF003D02D8 /* ViewController.swift in Sources */ = {isa = PBXBuildFile; fileRef = 90BF5AF11E4BF5FF003D02D8 /* ViewController.swift */; };
		90BF5AF51E4BF5FF003D02D8 /* Main.storyboard in Resources */ = {isa = PBXBuildFile; fileRef = 90BF5AF31E4BF5FF003D02D8 /* Main.storyboard */; };
		90BF5AF71E4BF5FF003D02D8 /* Assets.xcassets in Resources */ = {isa = PBXBuildFile; fileRef = 90BF5AF61E4BF5FF003D02D8 /* Assets.xcassets */; };
		90BF5AFA1E4BF5FF003D02D8 /* LaunchScreen.storyboard in Resources */ = {isa = PBXBuildFile; fileRef = 90BF5AF81E4BF5FF003D02D8 /* LaunchScreen.storyboard */; };
/* End PBXBuildFile section */

/* Begin PBXFileReference section */
		90BF5AEC1E4BF5FF003D02D8 /* Chat.app */ = {isa = PBXFileReference; explicitFileType = wrapper.application; includeInIndex = 0; path = Chat.app; sourceTree = BUILT_PRODUCTS_DIR; };
		90BF5AEF1E4BF5FF003D02D8 /* AppDelegate.swift */ = {isa = PBXFileReference; lastKnownFileType = sourcecode.swift; path = AppDelegate.swift; sourceTree = "<group>"; };
		90BF5AF11E4BF5FF003D02D8 /* ViewController.swift */ = {isa = PBXFileReference; lastKnownFileType = sourcecode.swift; path = ViewController.swift; sourceTree = "<group>"; };
		90BF5AF41E4BF5FF003D02D8 /* Base */ = {isa = PBXFileReference; lastKnownFileType = file.storyboard; name = Base; path = Base.lproj/Main.storyboard; sourceTree = "<group>"; };
		90BF5AF61E4BF5FF003D02D8 /* Assets.xcassets */ = {isa = PBXFileReference; lastKnownFileType = folder.assetcatalog; path = Assets.xcassets; sourceTree = "<group>"; };
		90BF5AF91E4BF5FF003D02D8 /* Base */ = {isa = PBXFileReference; lastKnownFileType = file.storyboard; name = Base; path = Base.lproj/LaunchScreen.storyboard; sourceTree = "<group>"; };
		90BF5AFB1E4BF5FF003D02D8 /* Info.plist */ = {isa = PBXFileReference; lastKnownFileType = text.plist.xml; path = Info.plist; sourceTree = "<group>"; };
/* End PBXFileReference section */

/* Begin PBXFrameworksBuildPhase section */
		90BF5AE91E4BF5FF003D02D8 /* Frameworks */ = {
			isa = PBXFrameworksBuildPhase;
			buildActionMask = 2147483647;
			files = (
			);
			runOnlyForDeploymentPostprocessing = 0;
		};
/* End PBXFrameworksBuildPhase section */

/* Begin PBXGroup section */
		90BF5AE31E4BF5FF003D02D8 = {
			isa = PBXGroup;
			children = (
				90BF5AEE1E4BF5FF003D02D8 /* Chat */,
				90BF5AED1E4BF5FF003D02D8 /* Products */,
			);
			sourceTree = "<group>";
		};
		90BF5AED1E4BF5FF003D02D8 /* Products */ = {
			isa = PBXGroup;
			children = (
				90BF5AEC1E4BF5FF003D02D8 /* Chat.app */,
			);
			name = Products;
			sourceTree = "<group>";
		};
		90BF5AEE1E4BF5FF003D02D8 /* Chat */ = {
			isa = PBXGroup;
			children = (
				90BF5AEF1E4BF5FF003D02D8 /* AppDelegate.swift */,
				90BF5AF11E4BF5FF003D02D8 /* ViewController.swift */,
				90BF5AF31E4BF5FF003D02D8 /* Main.storyboard */,
				90BF5AF61E4BF5FF003D02D8 /* Assets.xcassets */,
				90BF5AF81E4BF5FF003D02D8 /* LaunchScreen.storyboard */,
				90BF5AFB1E4BF5FF003D02D8 /* Info.plist */,
			);
			path = Chat;
			sourceTree = "<group>";
		};
/* End PBXGroup section */

/* Begin PBXNativeTarget section */
		90BF5AEB1E4BF5FF003D02D8 /* Chat */ = {
			isa = PBXNativeTarget;
			buildConfigurationList = 90BF5AFE1E4BF5FF003D02D8 /* Build configuration list for PBXNativeTarget "Chat" */;
			buildPhases = (
				90BF5AE81E4BF5FF003D02D8 /* Sources */,
				90BF5AE91E4BF5FF003D02D8 /* Frameworks */,
				90BF5AEA1E4BF5FF003D02D8 /* Resources */,
			);
			buildRules = (
			);
			dependencies = (
			);
			name = Chat;
			productName = Chat;
			productReference = 90BF5AEC1E4BF5FF003D02D8 /* Chat.app */;
			productType = "com.apple.product-type.application";
		};
/* End PBXNativeTarget section */

/* Begin PBXProject section */
		90BF5AE41E4BF5FF003D02D8 /* Project object */ = {
			isa = PBXProject;
			attributes = {
				LastSwiftUpdateCheck = 0820;
				LastUpgradeCheck = 0820;
				ORGANIZATIONNAME = "Jianyi Gao";
				TargetAttributes = {
					90BF5AEB1E4BF5FF003D02D8 = {
						CreatedOnToolsVersion = 8.2.1;
						ProvisioningStyle = Automatic;
					};
				};
			};
			buildConfigurationList = 90BF5AE71E4BF5FF003D02D8 /* Build configuration list for PBXProject "Chat" */;
			compatibilityVersion = "Xcode 3.2";
			developmentRegion = English;
			hasScannedForEncodings = 0;
			knownRegions = (
				en,
				Base,
			);
			mainGroup = 90BF5AE31E4BF5FF003D02D8;
			productRefGroup = 90BF5AED1E4BF5FF003D02D8 /* Products */;
			projectDirPath = "";
			projectRoot = "";
			targets = (
				90BF5AEB1E4BF5FF003D02D8 /* Chat */,
			);
		};
/* End PBXProject section */

/* Begin PBXResourcesBuildPhase section */
		90BF5AEA1E4BF5FF003D02D8 /* Resources */ = {
			isa = PBXResourcesBuildPhase;
			buildActionMask = 2147483647;
			files = (
				90BF5AFA1E4BF5FF003D02D8 /* LaunchScreen.storyboard in Resources */,
				90BF5AF71E4BF5FF003D02D8 /* Assets.xcassets in Resources */,
				90BF5AF51E4BF5FF003D02D8 /* Main.storyboard in Resources */,
			);
			runOnlyForDeploymentPostprocessing = 0;
		};
/* End PBXResourcesBuildPhase section */

/* Begin PBXSourcesBuildPhase section */
		90BF5AE81E4BF5FF003D02D8 /* Sources */ = {
			isa = PBXSourcesBuildPhase;
			buildActionMask = 2147483647;
			files = (
				90BF5AF21E4BF5FF003D02D8 /* ViewController.swift in Sources */,
				90BF5AF01E4BF5FF003D02D8 /* AppDelegate.swift in Sources */,
			);
			runOnlyForDeploymentPostprocessing = 0;
		};
/* End PBXSourcesBuildPhase section */

/* Begin PBXVariantGroup section */
		90BF5AF31E4BF5FF003D02D8 /* Main.storyboard */ = {
			isa = PBXVariantGroup;
			children = (
				90BF5AF41E4BF5FF003D02D8 /* Base */,
			);
			name = Main.storyboard;
			sourceTree = "<group>";
		};
		90BF5AF81E4BF5FF003D02D8 /* LaunchScreen.storyboard */ = {
			isa = PBXVariantGroup;
			children = (
				90BF5AF91E4BF5FF003D02D8 /* Base */,
			);
			name = LaunchScreen.storyboard;
			sourceTree = "<group>";
		};
/* End PBXVariantGroup section */

/* Begin XCBuildConfiguration section */
		90BF5AFC1E4BF5FF003D02D8 /* Debug */ = {
			isa = XCBuildConfiguration;
			buildSettings = {
				ALWAYS_SEARCH_USER_PATHS = NO;
				CLANG_ANALYZER_NONNULL = YES;
				CLANG_CXX_LANGUAGE_STANDARD = "gnu++0x";
				CLANG_CXX_LIBRARY = "libc++";
				CLANG_ENABLE_MODULES = YES;
				CLANG_ENABLE_OBJC_ARC = YES;
				CLANG_WARN_BOOL_CONVERSION = YES;
				CLANG_WARN_CONSTANT_CONVERSION = YES;
				CLANG_WARN_DIRECT_OBJC_ISA_USAGE = YES_ERROR;
				CLANG_WARN_DOCUMENTATION_COMMENTS = YES;
				CLANG_WARN_EMPTY_BODY = YES;
				CLANG_WARN_ENUM_CONVERSION = YES;
				CLANG_WARN_INFINITE_RECURSION = YES;
				CLANG_WARN_INT_CONVERSION = YES;
				CLANG_WARN_OBJC_ROOT_CLASS = YES_ERROR;
				CLANG_WARN_SUSPICIOUS_MOVE = YES;
				CLANG_WARN_UNREACHABLE_CODE = YES;
				CLANG_WARN__DUPLICATE_METHOD_MATCH = YES;
				"CODE_SIGN_IDENTITY[sdk=iphoneos*]" = "iPhone Developer";
				COPY_PHASE_STRIP = NO;
				DEBUG_INFORMATION_FORMAT = dwarf;
				ENABLE_STRICT_OBJC_MSGSEND = YES;
				ENABLE_TESTABILITY = YES;
				GCC_C_LANGUAGE_STANDARD = gnu99;
				GCC_DYNAMIC_NO_PIC = NO;
				GCC_NO_COMMON_BLOCKS = YES;
				GCC_OPTIMIZATION_LEVEL = 0;
				GCC_PREPROCESSOR_DEFINITIONS = (
					"DEBUG=1",
					"$(inherited)",
				);
				GCC_WARN_64_TO_32_BIT_CONVERSION = YES;
				GCC_WARN_ABOUT_RETURN_TYPE = YES_ERROR;
				GCC_WARN_UNDECLARED_SELECTOR = YES;
				GCC_WARN_UNINITIALIZED_AUTOS = YES_AGGRESSIVE;
				GCC_WARN_UNUSED_FUNCTION = YES;
				GCC_WARN_UNUSED_VARIABLE = YES;
				IPHONEOS_DEPLOYMENT_TARGET = 10.2;
				MTL_ENABLE_DEBUG_INFO = YES;
				ONLY_ACTIVE_ARCH = YES;
				SDKROOT = iphoneos;
				SWIFT_ACTIVE_COMPILATION_CONDITIONS = DEBUG;
				SWIFT_OPTIMIZATION_LEVEL = "-Onone";
			};
			name = Debug;
		};
		90BF5AFD1E4BF5FF003D02D8 /* Release */ = {
			isa = XCBuildConfiguration;
			buildSettings = {
				ALWAYS_SEARCH_USER_PATHS = NO;
				CLANG_ANALYZER_NONNULL = YES;
				CLANG_CXX_LANGUAGE_STANDARD = "gnu++0x";
				CLANG_CXX_LIBRARY = "libc++";
				CLANG_ENABLE_MODULES = YES;
				CLANG_ENABLE_OBJC_ARC = YES;
				CLANG_WARN_BOOL_CONVERSION = YES;
				CLANG_WARN_CONSTANT_CONVERSION = YES;
				CLANG_WARN_DIRECT_OBJC_ISA_USAGE = YES_ERROR;
				CLANG_WARN_DOCUMENTATION_COMMENTS = YES;
				CLANG_WARN_EMPTY_BODY = YES;
				CLANG_WARN_ENUM_CONVERSION = YES;
				CLANG_WARN_INFINITE_RECURSION = YES;
				CLANG_WARN_INT_CONVERSION = YES;
				CLANG_WARN_OBJC_ROOT_CLASS = YES_ERROR;
				CLANG_WARN_SUSPICIOUS_MOVE = YES;
				CLANG_WARN_UNREACHABLE_CODE = YES;
				CLANG_WARN__DUPLICATE_METHOD_MATCH = YES;
				"CODE_SIGN_IDENTITY[sdk=iphoneos*]" = "iPhone Developer";
				COPY_PHASE_STRIP = NO;
				DEBUG_INFORMATION_FORMAT = "dwarf-with-dsym";
				ENABLE_NS_ASSERTIONS = NO;
				ENABLE_STRICT_OBJC_MSGSEND = YES;
				GCC_C_LANGUAGE_STANDARD = gnu99;
				GCC_NO_COMMON_BLOCKS = YES;
				GCC_WARN_64_TO_32_BIT_CONVERSION = YES;
				GCC_WARN_ABOUT_RETURN_TYPE = YES_ERROR;
				GCC_WARN_UNDECLARED_SELECTOR = YES;
				GCC_WARN_UNINITIALIZED_AUTOS = YES_AGGRESSIVE;
				GCC_WARN_UNUSED_FUNCTION = YES;
				GCC_WARN_UNUSED_VARIABLE = YES;
				IPHONEOS_DEPLOYMENT_TARGET = 10.2;
				MTL_ENABLE_DEBUG_INFO = NO;
				SDKROOT = iphoneos;
				SWIFT_OPTIMIZATION_LEVEL = "-Owholemodule";
				VALIDATE_PRODUCT = YES;
			};
			name = Release;
		};
		90BF5AFF1E4BF5FF003D02D8 /* Debug */ = {
			isa = XCBuildConfiguration;
			buildSettings = {
				ASSETCATALOG_COMPILER_APPICON_NAME = AppIcon;
				INFOPLIST_FILE = Chat/Info.plist;
				LD_RUNPATH_SEARCH_PATHS = "$(inherited) @executable_path/Frameworks";
				PRODUCT_BUNDLE_IDENTIFIER = JG.Chat;
				PRODUCT_NAME = "$(TARGET_NAME)";
				SWIFT_VERSION = 3.0;
			};
			name = Debug;
		};
		90BF5B001E4BF5FF003D02D8 /* Release */ = {
			isa = XCBuildConfiguration;
			buildSettings = {
				ASSETCATALOG_COMPILER_APPICON_NAME = AppIcon;
				INFOPLIST_FILE = Chat/Info.plist;
				LD_RUNPATH_SEARCH_PATHS = "$(inherited) @executable_path/Frameworks";
				PRODUCT_BUNDLE_IDENTIFIER = JG.Chat;
				PRODUCT_NAME = "$(TARGET_NAME)";
				SWIFT_VERSION = 3.0;
			};
			name = Release;
		};
/* End XCBuildConfiguration section */

/* Begin XCConfigurationList section */
		90BF5AE71E4BF5FF003D02D8 /* Build configuration list for PBXProject "Chat" */ = {
			isa = XCConfigurationList;
			buildConfigurations = (
				90BF5AFC1E4BF5FF003D02D8 /* Debug */,
				90BF5AFD1E4BF5FF003D02D8 /* Release */,
			);
			defaultConfigurationIsVisible = 0;
			defaultConfigurationName = Release;
		};
		90BF5AFE1E4BF5FF003D02D8 /* Build configuration list for PBXNativeTarget "Chat" */ = {
			isa = XCConfigurationList;
			buildConfigurations = (
				90BF5AFF1E4BF5FF003D02D8 /* Debug */,
				90BF5B001E4BF5FF003D02D8 /* Release */,
			);
			defaultConfigurationIsVisible = 0;
		};
/* End XCConfigurationList section */
	};
	rootObject = 90BF5AE41E4BF5FF003D02D8 /* Project object */;
}
